
Microsoft Visual Studio Solution File, Format Version 12.00
# Visual Studio Version 16
VisualStudioVersion = 16.0.29519.87
MinimumVisualStudioVersion = 10.0.40219.1
Project("{FAE04EC0-301F-11D3-BF4B-00C04F79EFBC}") = "youme-translation-website", "youme-translation-website\youme-translation-website.csproj", "{7D598C67-607F-42C0-AA49-3F0BA66FDA7B}"
EndProject
Global
	GlobalSection(SolutionConfigurationPlatforms) = preSolution
		Debug|Any CPU = Debug|Any CPU
		Release|Any CPU = Release|Any CPU
	EndGlobalSection
	GlobalSection(ProjectConfigurationPlatforms) = postSolution
		{7D598C67-607F-42C0-AA49-3F0BA66FDA7B}.Debug|Any CPU.ActiveCfg = Debug|Any CPU
		{7D598C67-607F-42C0-AA49-3F0BA66FDA7B}.Debug|Any CPU.Build.0 = Debug|Any CPU
		{7D598C67-607F-42C0-AA49-3F0BA66FDA7B}.Release|Any CPU.ActiveCfg = Release|Any CPU
		{7D598C67-607F-42C0-AA49-3F0BA66FDA7B}.Release|Any CPU.Build.0 = Release|Any CPU
	EndGlobalSection
	GlobalSection(SolutionProperties) = preSolution
		HideSolutionNode = FALSE
	EndGlobalSection
	GlobalSection(ExtensibilityGlobals) = postSolution
		SolutionGuid = {CBC64BD3-B800-4F4D-8B88-16FB2E731C28}
	EndGlobalSection
EndGlobal
